
Microsoft Visual Studio Solution File, Format Version 12.00
# Visual Studio Version 16
VisualStudioVersion = 16.0.32901.82
MinimumVisualStudioVersion = 10.0.40219.1
Project("{2150E333-8FDC-42A3-9474-1A3956D46DE8}") = "Unite2_KararYapilariveDonguler", "Unite2_KararYapilariveDonguler", "{3F7C67A9-723B-41E5-80E8-0E22B6A09DF8}"
EndProject
Project("{FAE04EC0-301F-11D3-BF4B-00C04F79EFBC}") = "U2_Uyg10", "U2_Uyg10\U2_Uyg10.csproj", "{A8D31830-BD00-4669-94F7-85974F508EF7}"
EndProject
Project("{FAE04EC0-301F-11D3-BF4B-00C04F79EFBC}") = "U2_Uyg9", "U2_Uyg9\U2_Uyg9.csproj", "{2F44680E-D24D-4723-8D76-173556245248}"
EndProject
Project("{FAE04EC0-301F-11D3-BF4B-00C04F79EFBC}") = "U2_Uyg8", "U2_Uyg8\U2_Uyg8.csproj", "{855E8ED8-00F3-47C9-B324-B8CD13A18006}"
EndProject
Project("{FAE04EC0-301F-11D3-BF4B-00C04F79EFBC}") = "U2_Uyg7", "U2_Uyg7\U2_Uyg7.csproj", "{6BA7005A-0677-40B3-980A-78853D1D3EB0}"
EndProject
Project("{FAE04EC0-301F-11D3-BF4B-00C04F79EFBC}") = "U2_Uyg6", "U2_Uyg6\U2_Uyg6.csproj", "{BD602972-82BD-4FFF-8A70-C0F0AF393F73}"
EndProject
Project("{FAE04EC0-301F-11D3-BF4B-00C04F79EFBC}") = "U2_Uyg5", "U2_Uyg5\U2_Uyg5.csproj", "{4E97C8C3-E3B4-4ABD-A11A-5B2782CA652C}"
EndProject
Project("{FAE04EC0-301F-11D3-BF4B-00C04F79EFBC}") = "U2_Uyg4", "U2_Uyg4\U2_Uyg4.csproj", "{BAFB5BB4-4772-440E-AEAC-B9738674E45C}"
EndProject
Project("{FAE04EC0-301F-11D3-BF4B-00C04F79EFBC}") = "U2_Uyg3", "U2_Uyg3\U2_Uyg3.csproj", "{714A4437-0DAF-421F-9037-646A199EA245}"
EndProject
Project("{FAE04EC0-301F-11D3-BF4B-00C04F79EFBC}") = "U2_Uyg2", "U2_Uyg2\U2_Uyg2.csproj", "{A7BCE5C4-7C51-4FA2-A854-8148D2C5EDFC}"
EndProject
Project("{FAE04EC0-301F-11D3-BF4B-00C04F79EFBC}") = "U2_Uyg1", "U2_Uyg1\U2_Uyg1.csproj", "{5F4AB3BF-02FE-4531-B044-FB8284B64E1C}"
EndProject
Project("{FAE04EC0-301F-11D3-BF4B-00C04F79EFBC}") = "U2_SS_50", "U2_SS_50\U2_SS_50.csproj", "{E010620E-2B2B-4C0A-8DFD-DBF98090B4A7}"
EndProject
Project("{FAE04EC0-301F-11D3-BF4B-00C04F79EFBC}") = "U2_SS_48", "U2_SS_48\U2_SS_48.csproj", "{DB3FA5F5-4229-45E3-851C-F00E85FD70D9}"
EndProject
Project("{FAE04EC0-301F-11D3-BF4B-00C04F79EFBC}") = "U2_Odev1", "U2_Odev1\U2_Odev1.csproj", "{616F9DE9-7D90-4738-B32A-E92CA2A8CB60}"
EndProject
Project("{FAE04EC0-301F-11D3-BF4B-00C04F79EFBC}") = "U2_Uyg11", "U2_Uyg11\U2_Uyg11.csproj", "{B0E10EB5-5A52-4641-9E6F-D7FA347AA068}"
EndProject
Project("{FAE04EC0-301F-11D3-BF4B-00C04F79EFBC}") = "U2_SS_53", "U2_SS_53\U2_SS_53.csproj", "{77C0708C-F185-46B2-8931-D7FF5EDAC959}"
EndProject
Project("{FAE04EC0-301F-11D3-BF4B-00C04F79EFBC}") = "U2_Uyg12", "U2_Uyg12\U2_Uyg12.csproj", "{58125873-DE2F-4E44-88A6-FA7890474454}"
EndProject
Project("{FAE04EC0-301F-11D3-BF4B-00C04F79EFBC}") = "U2_Uyg13", "U2_Uyg13\U2_Uyg13.csproj", "{E609CBD3-750A-4406-8056-049FE3D7C7EF}"
EndProject
Project("{FAE04EC0-301F-11D3-BF4B-00C04F79EFBC}") = "U2_Uyg14", "U2_Uyg14\U2_Uyg14.csproj", "{7F87B71A-DF08-4DC7-B50F-B0D5761CF915}"
EndProject
Project("{FAE04EC0-301F-11D3-BF4B-00C04F79EFBC}") = "U2_Uyg15", "U2_Uyg15\U2_Uyg15.csproj", "{56A948B7-E241-4AA8-B27E-41109295E562}"
EndProject
Project("{FAE04EC0-301F-11D3-BF4B-00C04F79EFBC}") = "U2_Uyg16", "U2_Uyg16\U2_Uyg16.csproj", "{BD7E095F-AAB9-41B0-9874-E0CB0E823511}"
EndProject
Project("{FAE04EC0-301F-11D3-BF4B-00C04F79EFBC}") = "U2_Uyg17", "U2_Uyg17\U2_Uyg17.csproj", "{1EC9811A-D1C5-4366-9731-5F53D536F5DA}"
EndProject
Project("{FAE04EC0-301F-11D3-BF4B-00C04F79EFBC}") = "U2_Uyg19", "U2_Uyg19\U2_Uyg19.csproj", "{A84EEE27-768B-41E0-A570-774F93EE1303}"
EndProject
Project("{FAE04EC0-301F-11D3-BF4B-00C04F79EFBC}") = "U2_Uyg20", "U2_Uyg20\U2_Uyg20.csproj", "{97920F08-1210-451E-8E31-1D22C741A110}"
EndProject
Project("{FAE04EC0-301F-11D3-BF4B-00C04F79EFBC}") = "U2_Uyg22", "U2_Uyg22\U2_Uyg22.csproj", "{345DAAD5-B816-4BB6-8D96-EC0C6F438847}"
EndProject
Project("{FAE04EC0-301F-11D3-BF4B-00C04F79EFBC}") = "U2_SS_63", "U2_SS_63\U2_SS_63.csproj", "{1F0CF482-4E82-4C82-8E8B-CFAF2DD8271B}"
EndProject
Project("{FAE04EC0-301F-11D3-BF4B-00C04F79EFBC}") = "U2_Uyg23", "U2_Uyg23\U2_Uyg23.csproj", "{AB559D1E-5C60-447C-B1DE-0457A979D81D}"
EndProject
Project("{FAE04EC0-301F-11D3-BF4B-00C04F79EFBC}") = "U2_SS_64", "U2_SS_64\U2_SS_64.csproj", "{A97C93AE-10E1-495C-8128-586D4F43CEFC}"
EndProject
Project("{FAE04EC0-301F-11D3-BF4B-00C04F79EFBC}") = "U2_Uyg24", "U2_Uyg24\U2_Uyg24.csproj", "{C3780A16-DDAB-4665-8A19-35741E4F29C5}"
EndProject
Project("{FAE04EC0-301F-11D3-BF4B-00C04F79EFBC}") = "U2_Uyg25", "U2_Uyg25\U2_Uyg25.csproj", "{A0C85255-58D7-4DBC-AF32-779D61128228}"
EndProject
Project("{FAE04EC0-301F-11D3-BF4B-00C04F79EFBC}") = "U2_Uyg26", "U2_Uyg26\U2_Uyg26.csproj", "{800B72C2-FAFA-4204-8376-CD8BD71370E1}"
EndProject
Project("{FAE04EC0-301F-11D3-BF4B-00C04F79EFBC}") = "U2_SS_66", "U2_SS_66\U2_SS_66.csproj", "{E080C5DE-8D23-4F2C-928B-7F5C2D191FE7}"
EndProject
Project("{FAE04EC0-301F-11D3-BF4B-00C04F79EFBC}") = "U2_GoldSoru1", "U2_GoldSoru1\U2_GoldSoru1.csproj", "{7CA73481-4772-4368-A60F-6610A04F02D8}"
EndProject
Project("{FAE04EC0-301F-11D3-BF4B-00C04F79EFBC}") = "U2_Uyg27", "U2_Uyg27\U2_Uyg27.csproj", "{6F2680B8-E087-47F8-A94D-0F4CDD8AF7A1}"
EndProject
Project("{FAE04EC0-301F-11D3-BF4B-00C04F79EFBC}") = "U2_SS_66_2", "U2_SS_66_2\U2_SS_66_2.csproj", "{4D3B838A-9F08-45D5-853B-CE8983F1A6A3}"
EndProject
Project("{FAE04EC0-301F-11D3-BF4B-00C04F79EFBC}") = "U2_Uyg28", "U2_Uyg28\U2_Uyg28.csproj", "{CC38667C-64E4-43FC-9CD8-D35B76BDF26E}"
EndProject
Project("{FAE04EC0-301F-11D3-BF4B-00C04F79EFBC}") = "U2_Uyg29", "U2_Uyg29\U2_Uyg29.csproj", "{2262084E-046D-4C14-B0A4-5DC50D28CFEC}"
EndProject
Project("{FAE04EC0-301F-11D3-BF4B-00C04F79EFBC}") = "U2_Uyg30", "U2_Uyg30\U2_Uyg30.csproj", "{72D7ACCA-2AFD-401C-9BE8-A7B6B2A7291A}"
EndProject
Project("{FAE04EC0-301F-11D3-BF4B-00C04F79EFBC}") = "U2_GoldSoru2", "U2_GoldSoru2\U2_GoldSoru2.csproj", "{95966575-CE85-4A7B-8407-764BDB2FC262}"
EndProject
Project("{FAE04EC0-301F-11D3-BF4B-00C04F79EFBC}") = "U2_Uyg31", "U2_Uyg31\U2_Uyg31.csproj", "{DA01498B-2E9D-48B4-B10B-12AFC6D9B4D0}"
EndProject
Project("{FAE04EC0-301F-11D3-BF4B-00C04F79EFBC}") = "U2_SS_69_2", "U2_SS_69_2\U2_SS_69_2.csproj", "{9069E5D3-29BF-44CD-A7DD-700EB2069790}"
EndProject
Project("{FAE04EC0-301F-11D3-BF4B-00C04F79EFBC}") = "U2_SS_70", "U2_SS_70\U2_SS_70.csproj", "{7777A7C3-75D1-4AFD-971F-69C411F52ECA}"
EndProject
Project("{FAE04EC0-301F-11D3-BF4B-00C04F79EFBC}") = "U2_Uyg32", "U2_Uyg32\U2_Uyg32.csproj", "{4A45B83B-AE8B-4B13-A1C8-DA883D598BF6}"
EndProject
Project("{FAE04EC0-301F-11D3-BF4B-00C04F79EFBC}") = "U2_SS_71", "U2_SS_71\U2_SS_71.csproj", "{FE37FF70-37F8-4269-BAD0-833FAD727453}"
EndProject
Project("{FAE04EC0-301F-11D3-BF4B-00C04F79EFBC}") = "U2_Uyg33", "U2_Uyg33\U2_Uyg33.csproj", "{D7EA8E71-61F1-47AE-9F8A-47246DE7D5FA}"
EndProject
Project("{FAE04EC0-301F-11D3-BF4B-00C04F79EFBC}") = "U2_GoldSoru3", "U2_GoldSoru3\U2_GoldSoru3.csproj", "{A9822A4E-E3E2-48D6-AB63-07F6C05E91BC}"
EndProject
Project("{FAE04EC0-301F-11D3-BF4B-00C04F79EFBC}") = "U2_GoldSoru4", "U2_GoldSoru4\U2_GoldSoru4.csproj", "{3E4D443D-26A9-49B2-AB68-0262CDDBFBE9}"
EndProject
Project("{FAE04EC0-301F-11D3-BF4B-00C04F79EFBC}") = "U2_GoldSoru5", "U2_GoldSoru5\U2_GoldSoru5.csproj", "{FC267F5E-E264-4CEB-A0AA-54D1368CCE47}"
EndProject
Project("{FAE04EC0-301F-11D3-BF4B-00C04F79EFBC}") = "U2_GoldSoru6", "U2_GoldSoru6\U2_GoldSoru6.csproj", "{9C35FED3-A564-401E-A9AC-C2EA0F18FA18}"
EndProject
Project("{FAE04EC0-301F-11D3-BF4B-00C04F79EFBC}") = "U2_GoldSoru7", "U2_GoldSoru7\U2_GoldSoru7.csproj", "{CDB56534-E4A6-4831-A28D-EC62EC38128D}"
EndProject
Project("{FAE04EC0-301F-11D3-BF4B-00C04F79EFBC}") = "U2_GoldSoru8", "U2_GoldSoru8\U2_GoldSoru8.csproj", "{228655D7-F59D-4645-A7C4-2E58764CB95F}"
EndProject
Project("{FAE04EC0-301F-11D3-BF4B-00C04F79EFBC}") = "U2_GoldSoru9", "U2_GoldSoru9\U2_GoldSoru9.csproj", "{3C124F32-BB14-4089-AF32-5D0A32159E51}"
EndProject
Project("{FAE04EC0-301F-11D3-BF4B-00C04F79EFBC}") = "U2_GoldSoru10", "U2_GoldSoru10\U2_GoldSoru10.csproj", "{E2FEAD43-B89E-4CD4-B9CF-C23F99C1CAD6}"
EndProject
Project("{2150E333-8FDC-42A3-9474-1A3956D46DE8}") = "Unite3_Class", "Unite3_Class", "{3599E3D6-7057-4445-BC10-48B8525C54C0}"
EndProject
Project("{FAE04EC0-301F-11D3-BF4B-00C04F79EFBC}") = "U3_S_81", "U3_S_81\U3_S_81.csproj", "{8D5980EA-41BC-45A3-9145-B85B15C16C2D}"
EndProject
Project("{FAE04EC0-301F-11D3-BF4B-00C04F79EFBC}") = "U3_S_86", "U3_S_86\U3_S_86.csproj", "{3F7FCEB3-E5D3-45D2-A283-00F7432C7E43}"
EndProject
Project("{FAE04EC0-301F-11D3-BF4B-00C04F79EFBC}") = "U3_S_100", "U3_S_100\U3_S_100.csproj", "{58DD7CB7-7B4E-45DA-AB38-3F169E7F581B}"
EndProject
Project("{FAE04EC0-301F-11D3-BF4B-00C04F79EFBC}") = "U3_S_115", "U3_S_115\U3_S_115.csproj", "{28344FA0-F777-4ADB-A881-940DEB2E48E2}"
EndProject
Project("{2150E333-8FDC-42A3-9474-1A3956D46DE8}") = "Unite4_Diziler", "Unite4_Diziler", "{8C56A2A6-3F3C-47D9-BF81-719FE95F4496}"
EndProject
Project("{FAE04EC0-301F-11D3-BF4B-00C04F79EFBC}") = "U4_S2", "U4_S2\U4_S2.csproj", "{50D799BE-3509-4C6F-8BA9-A6A268B7CD76}"
EndProject
Project("{FAE04EC0-301F-11D3-BF4B-00C04F79EFBC}") = "U4_Uyg3", "U4_Uyg3\U4_Uyg3.csproj", "{A3BC675A-63C9-4398-801B-927598480106}"
EndProject
Project("{FAE04EC0-301F-11D3-BF4B-00C04F79EFBC}") = "U4_Uyg2", "U4_Uyg2\U4_Uyg2.csproj", "{C3A05844-EFB6-47AF-8EAA-CCB0C4204D97}"
EndProject
Project("{FAE04EC0-301F-11D3-BF4B-00C04F79EFBC}") = "U4_Uyg1", "U4_Uyg1\U4_Uyg1.csproj", "{9FEAE7B7-6015-40BA-8D23-5B6736BB45DD}"
EndProject
Project("{FAE04EC0-301F-11D3-BF4B-00C04F79EFBC}") = "U4_Uyg4", "U4_Uyg4\U4_Uyg4.csproj", "{522C9D16-4C8B-43E9-9608-2C05498C1E28}"
EndProject
Project("{FAE04EC0-301F-11D3-BF4B-00C04F79EFBC}") = "U4_Uyg6", "U4_Uyg6\U4_Uyg6.csproj", "{BF2F5FCF-34B5-483B-A7C3-4C9D158C17AD}"
EndProject
Project("{FAE04EC0-301F-11D3-BF4B-00C04F79EFBC}") = "U4_Uyg7", "U4_Uyg7\U4_Uyg7.csproj", "{3980A246-7FDB-421B-BA1C-BDEC01D9CE7B}"
EndProject
Project("{FAE04EC0-301F-11D3-BF4B-00C04F79EFBC}") = "U4_Uyg8", "U4_Uyg8\U4_Uyg8.csproj", "{8428E67D-F912-44AC-8337-45AAD67ECB83}"
EndProject
Project("{FAE04EC0-301F-11D3-BF4B-00C04F79EFBC}") = "U4_Uyg9", "U4_Uyg9\U4_Uyg9.csproj", "{6E68A958-6099-4EE2-B271-91A40101C5D3}"
EndProject
Project("{FAE04EC0-301F-11D3-BF4B-00C04F79EFBC}") = "U4_Uyg10", "U4_Uyg10\U4_Uyg10.csproj", "{D4476513-98E0-4A41-8F43-20F4275ACC85}"
EndProject
Project("{FAE04EC0-301F-11D3-BF4B-00C04F79EFBC}") = "U4_Uyg11", "U4_Uyg11\U4_Uyg11.csproj", "{047A7140-5B79-4F8D-9AF8-868F57E228AA}"
EndProject
Project("{FAE04EC0-301F-11D3-BF4B-00C04F79EFBC}") = "U4_Uyg12", "U4_Uyg12\U4_Uyg12.csproj", "{FB7B9C13-E73B-48E4-8984-877BA18EDC95}"
EndProject
Project("{FAE04EC0-301F-11D3-BF4B-00C04F79EFBC}") = "U4_Uyg13", "U4_Uyg13\U4_Uyg13.csproj", "{21624665-6171-4BEF-AE8D-ADF1E5FB4993}"
EndProject
Project("{FAE04EC0-301F-11D3-BF4B-00C04F79EFBC}") = "U4_Uyg14", "U4_Uyg14\U4_Uyg14.csproj", "{9881A1F0-F879-4797-9C5E-ED8F34AA1BB1}"
EndProject
Project("{FAE04EC0-301F-11D3-BF4B-00C04F79EFBC}") = "U4_Uyg15", "U4_Uyg15\U4_Uyg15.csproj", "{92F9E9BA-132B-467D-9BCA-61B7D0834276}"
EndProject
Project("{FAE04EC0-301F-11D3-BF4B-00C04F79EFBC}") = "U4_Uyg16", "U4_Uyg16\U4_Uyg16.csproj", "{A126F835-805A-4882-A7A9-E708047DBADB}"
EndProject
Project("{FAE04EC0-301F-11D3-BF4B-00C04F79EFBC}") = "U4_Uyg5", "U4_Uyg5\U4_Uyg5.csproj", "{6677153F-60BF-494B-8062-956F6D0A5E49}"
EndProject
Project("{2150E333-8FDC-42A3-9474-1A3956D46DE8}") = "Unite5_FormUygulamaları", "Unite5_FormUygulamaları", "{CB51C12E-506D-4316-899F-E19F7BEE356B}"
EndProject
Project("{FAE04EC0-301F-11D3-BF4B-00C04F79EFBC}") = "U5_Uyg2", "U5_Uyg2\U5_Uyg2.csproj", "{D67B44F0-AEAB-45E9-8703-06A6C89A2356}"
EndProject
Project("{FAE04EC0-301F-11D3-BF4B-00C04F79EFBC}") = "U5_Uyg3", "U5_Uyg3\U5_Uyg3.csproj", "{04A9DD7C-5BE0-4B72-8BDA-5B65362F6BEA}"
EndProject
Project("{FAE04EC0-301F-11D3-BF4B-00C04F79EFBC}") = "U5_Uyg4", "U5_Uyg4\U5_Uyg4.csproj", "{A8C2E7FD-EB5D-4D97-8A20-6BBFAA2BD042}"
EndProject
Project("{FAE04EC0-301F-11D3-BF4B-00C04F79EFBC}") = "U5_Uyg5", "U5_Uyg5\U5_Uyg5.csproj", "{D356F1DD-56FF-4A30-A7A6-1509DB4B286A}"
EndProject
Project("{FAE04EC0-301F-11D3-BF4B-00C04F79EFBC}") = "U5_Uyg6", "U5_Uyg6\U5_Uyg6.csproj", "{3DD4B456-61A3-4163-9E52-CCC6A23B699B}"
EndProject
Project("{FAE04EC0-301F-11D3-BF4B-00C04F79EFBC}") = "U5_Uyg7", "U5_Uyg7\U5_Uyg7.csproj", "{BDEB63C6-5F24-44CD-8D9A-14946B7BC591}"
EndProject
Project("{FAE04EC0-301F-11D3-BF4B-00C04F79EFBC}") = "U5_Uyg9", "U5_Uyg9\U5_Uyg9.csproj", "{83A7254D-B8A5-4753-9E7A-6AAB35323474}"
EndProject
Project("{FAE04EC0-301F-11D3-BF4B-00C04F79EFBC}") = "U5_Uyg15", "U5_Uyg15\U5_Uyg15.csproj", "{129B3854-A098-4E0E-B2C4-791529EDB9F2}"
EndProject
Project("{FAE04EC0-301F-11D3-BF4B-00C04F79EFBC}") = "U5_Uyg20", "U5_Uyg20\U5_Uyg20.csproj", "{9702C7F5-DAF8-4932-9651-E7652B5A9B7C}"
EndProject
Project("{FAE04EC0-301F-11D3-BF4B-00C04F79EFBC}") = "U5_Uyg21", "U5_Uyg21\U5_Uyg21.csproj", "{DF758B39-EB29-4F18-8B28-D774D72E1243}"
EndProject
Project("{FAE04EC0-301F-11D3-BF4B-00C04F79EFBC}") = "U5_Uyg22", "U5_Uyg22\U5_Uyg22.csproj", "{07AABF74-FB76-4CB4-966A-8D2E58D450A1}"
EndProject
Project("{FAE04EC0-301F-11D3-BF4B-00C04F79EFBC}") = "U5_Uyg23", "U5_Uyg23\U5_Uyg23.csproj", "{D67FFAB6-330A-4AC3-9DFE-7599C3B9DB08}"
EndProject
Project("{FAE04EC0-301F-11D3-BF4B-00C04F79EFBC}") = "U5_Uyg24", "U5_Uyg24\U5_Uyg24.csproj", "{07C8EAAD-82A9-4280-AA6D-906010AB4C89}"
EndProject
Project("{FAE04EC0-301F-11D3-BF4B-00C04F79EFBC}") = "U5_Uyg25", "U5_Uyg25\U5_Uyg25.csproj", "{20355A56-E3A1-41FB-A4B3-E5C20C240C07}"
EndProject
Project("{FAE04EC0-301F-11D3-BF4B-00C04F79EFBC}") = "U5_Uyg18", "U5_Uyg18\U5_Uyg18.csproj", "{C7A99F83-3834-4932-8C32-4979BA683980}"
EndProject
Project("{FAE04EC0-301F-11D3-BF4B-00C04F79EFBC}") = "U5_Uyg19", "U5_Uyg19\U5_Uyg19.csproj", "{42307B41-7CB7-49F5-AFF8-09F9E63FDD83}"
EndProject
Project("{2150E333-8FDC-42A3-9474-1A3956D46DE8}") = "Unite6_VeriTabani", "Unite6_VeriTabani", "{CF003475-FA77-4CA5-B489-17BB8E2264A3}"
EndProject
Project("{FAE04EC0-301F-11D3-BF4B-00C04F79EFBC}") = "KutuphaneProjesi", "KutuphaneProjesi\KutuphaneProjesi.csproj", "{1BEF3758-74D4-4F1F-A971-60B7487DD7B6}"
EndProject
Project("{2150E333-8FDC-42A3-9474-1A3956D46DE8}") = "SinavProjesi", "SinavProjesi", "{ECBD1CB2-E2CE-47A9-9051-D7C6D8A3A4C6}"
EndProject
Project("{FAE04EC0-301F-11D3-BF4B-00C04F79EFBC}") = "SinavProjesi", "SinavProjesi\SinavProjesi.csproj", "{B38A61FD-2328-44ED-AC2A-C6893DE3BB85}"
EndProject
Global
	GlobalSection(SolutionConfigurationPlatforms) = preSolution
		Debug|Any CPU = Debug|Any CPU
		Release|Any CPU = Release|Any CPU
	EndGlobalSection
	GlobalSection(ProjectConfigurationPlatforms) = postSolution
		{A8D31830-BD00-4669-94F7-85974F508EF7}.Debug|Any CPU.ActiveCfg = Debug|Any CPU
		{A8D31830-BD00-4669-94F7-85974F508EF7}.Debug|Any CPU.Build.0 = Debug|Any CPU
		{A8D31830-BD00-4669-94F7-85974F508EF7}.Release|Any CPU.ActiveCfg = Release|Any CPU
		{A8D31830-BD00-4669-94F7-85974F508EF7}.Release|Any CPU.Build.0 = Release|Any CPU
		{2F44680E-D24D-4723-8D76-173556245248}.Debug|Any CPU.ActiveCfg = Debug|Any CPU
		{2F44680E-D24D-4723-8D76-173556245248}.Debug|Any CPU.Build.0 = Debug|Any CPU
		{2F44680E-D24D-4723-8D76-173556245248}.Release|Any CPU.ActiveCfg = Release|Any CPU
		{2F44680E-D24D-4723-8D76-173556245248}.Release|Any CPU.Build.0 = Release|Any CPU
		{855E8ED8-00F3-47C9-B324-B8CD13A18006}.Debug|Any CPU.ActiveCfg = Debug|Any CPU
		{855E8ED8-00F3-47C9-B324-B8CD13A18006}.Debug|Any CPU.Build.0 = Debug|Any CPU
		{855E8ED8-00F3-47C9-B324-B8CD13A18006}.Release|Any CPU.ActiveCfg = Release|Any CPU
		{855E8ED8-00F3-47C9-B324-B8CD13A18006}.Release|Any CPU.Build.0 = Release|Any CPU
		{6BA7005A-0677-40B3-980A-78853D1D3EB0}.Debug|Any CPU.ActiveCfg = Debug|Any CPU
		{6BA7005A-0677-40B3-980A-78853D1D3EB0}.Debug|Any CPU.Build.0 = Debug|Any CPU
		{6BA7005A-0677-40B3-980A-78853D1D3EB0}.Release|Any CPU.ActiveCfg = Release|Any CPU
		{6BA7005A-0677-40B3-980A-78853D1D3EB0}.Release|Any CPU.Build.0 = Release|Any CPU
		{BD602972-82BD-4FFF-8A70-C0F0AF393F73}.Debug|Any CPU.ActiveCfg = Debug|Any CPU
		{BD602972-82BD-4FFF-8A70-C0F0AF393F73}.Debug|Any CPU.Build.0 = Debug|Any CPU
		{BD602972-82BD-4FFF-8A70-C0F0AF393F73}.Release|Any CPU.ActiveCfg = Release|Any CPU
		{BD602972-82BD-4FFF-8A70-C0F0AF393F73}.Release|Any CPU.Build.0 = Release|Any CPU
		{4E97C8C3-E3B4-4ABD-A11A-5B2782CA652C}.Debug|Any CPU.ActiveCfg = Debug|Any CPU
		{4E97C8C3-E3B4-4ABD-A11A-5B2782CA652C}.Debug|Any CPU.Build.0 = Debug|Any CPU
		{4E97C8C3-E3B4-4ABD-A11A-5B2782CA652C}.Release|Any CPU.ActiveCfg = Release|Any CPU
		{4E97C8C3-E3B4-4ABD-A11A-5B2782CA652C}.Release|Any CPU.Build.0 = Release|Any CPU
		{BAFB5BB4-4772-440E-AEAC-B9738674E45C}.Debug|Any CPU.ActiveCfg = Debug|Any CPU
		{BAFB5BB4-4772-440E-AEAC-B9738674E45C}.Debug|Any CPU.Build.0 = Debug|Any CPU
		{BAFB5BB4-4772-440E-AEAC-B9738674E45C}.Release|Any CPU.ActiveCfg = Release|Any CPU
		{BAFB5BB4-4772-440E-AEAC-B9738674E45C}.Release|Any CPU.Build.0 = Release|Any CPU
		{714A4437-0DAF-421F-9037-646A199EA245}.Debug|Any CPU.ActiveCfg = Debug|Any CPU
		{714A4437-0DAF-421F-9037-646A199EA245}.Debug|Any CPU.Build.0 = Debug|Any CPU
		{714A4437-0DAF-421F-9037-646A199EA245}.Release|Any CPU.ActiveCfg = Release|Any CPU
		{714A4437-0DAF-421F-9037-646A199EA245}.Release|Any CPU.Build.0 = Release|Any CPU
		{A7BCE5C4-7C51-4FA2-A854-8148D2C5EDFC}.Debug|Any CPU.ActiveCfg = Debug|Any CPU
		{A7BCE5C4-7C51-4FA2-A854-8148D2C5EDFC}.Debug|Any CPU.Build.0 = Debug|Any CPU
		{A7BCE5C4-7C51-4FA2-A854-8148D2C5EDFC}.Release|Any CPU.ActiveCfg = Release|Any CPU
		{A7BCE5C4-7C51-4FA2-A854-8148D2C5EDFC}.Release|Any CPU.Build.0 = Release|Any CPU
		{5F4AB3BF-02FE-4531-B044-FB8284B64E1C}.Debug|Any CPU.ActiveCfg = Debug|Any CPU
		{5F4AB3BF-02FE-4531-B044-FB8284B64E1C}.Debug|Any CPU.Build.0 = Debug|Any CPU
		{5F4AB3BF-02FE-4531-B044-FB8284B64E1C}.Release|Any CPU.ActiveCfg = Release|Any CPU
		{5F4AB3BF-02FE-4531-B044-FB8284B64E1C}.Release|Any CPU.Build.0 = Release|Any CPU
		{E010620E-2B2B-4C0A-8DFD-DBF98090B4A7}.Debug|Any CPU.ActiveCfg = Debug|Any CPU
		{E010620E-2B2B-4C0A-8DFD-DBF98090B4A7}.Debug|Any CPU.Build.0 = Debug|Any CPU
		{E010620E-2B2B-4C0A-8DFD-DBF98090B4A7}.Release|Any CPU.ActiveCfg = Release|Any CPU
		{E010620E-2B2B-4C0A-8DFD-DBF98090B4A7}.Release|Any CPU.Build.0 = Release|Any CPU
		{DB3FA5F5-4229-45E3-851C-F00E85FD70D9}.Debug|Any CPU.ActiveCfg = Debug|Any CPU
		{DB3FA5F5-4229-45E3-851C-F00E85FD70D9}.Debug|Any CPU.Build.0 = Debug|Any CPU
		{DB3FA5F5-4229-45E3-851C-F00E85FD70D9}.Release|Any CPU.ActiveCfg = Release|Any CPU
		{DB3FA5F5-4229-45E3-851C-F00E85FD70D9}.Release|Any CPU.Build.0 = Release|Any CPU
		{616F9DE9-7D90-4738-B32A-E92CA2A8CB60}.Debug|Any CPU.ActiveCfg = Debug|Any CPU
		{616F9DE9-7D90-4738-B32A-E92CA2A8CB60}.Debug|Any CPU.Build.0 = Debug|Any CPU
		{616F9DE9-7D90-4738-B32A-E92CA2A8CB60}.Release|Any CPU.ActiveCfg = Release|Any CPU
		{616F9DE9-7D90-4738-B32A-E92CA2A8CB60}.Release|Any CPU.Build.0 = Release|Any CPU
		{B0E10EB5-5A52-4641-9E6F-D7FA347AA068}.Debug|Any CPU.ActiveCfg = Debug|Any CPU
		{B0E10EB5-5A52-4641-9E6F-D7FA347AA068}.Debug|Any CPU.Build.0 = Debug|Any CPU
		{B0E10EB5-5A52-4641-9E6F-D7FA347AA068}.Release|Any CPU.ActiveCfg = Release|Any CPU
		{B0E10EB5-5A52-4641-9E6F-D7FA347AA068}.Release|Any CPU.Build.0 = Release|Any CPU
		{77C0708C-F185-46B2-8931-D7FF5EDAC959}.Debug|Any CPU.ActiveCfg = Debug|Any CPU
		{77C0708C-F185-46B2-8931-D7FF5EDAC959}.Debug|Any CPU.Build.0 = Debug|Any CPU
		{77C0708C-F185-46B2-8931-D7FF5EDAC959}.Release|Any CPU.ActiveCfg = Release|Any CPU
		{77C0708C-F185-46B2-8931-D7FF5EDAC959}.Release|Any CPU.Build.0 = Release|Any CPU
		{58125873-DE2F-4E44-88A6-FA7890474454}.Debug|Any CPU.ActiveCfg = Debug|Any CPU
		{58125873-DE2F-4E44-88A6-FA7890474454}.Debug|Any CPU.Build.0 = Debug|Any CPU
		{58125873-DE2F-4E44-88A6-FA7890474454}.Release|Any CPU.ActiveCfg = Release|Any CPU
		{58125873-DE2F-4E44-88A6-FA7890474454}.Release|Any CPU.Build.0 = Release|Any CPU
		{E609CBD3-750A-4406-8056-049FE3D7C7EF}.Debug|Any CPU.ActiveCfg = Debug|Any CPU
		{E609CBD3-750A-4406-8056-049FE3D7C7EF}.Debug|Any CPU.Build.0 = Debug|Any CPU
		{E609CBD3-750A-4406-8056-049FE3D7C7EF}.Release|Any CPU.ActiveCfg = Release|Any CPU
		{E609CBD3-750A-4406-8056-049FE3D7C7EF}.Release|Any CPU.Build.0 = Release|Any CPU
		{7F87B71A-DF08-4DC7-B50F-B0D5761CF915}.Debug|Any CPU.ActiveCfg = Debug|Any CPU
		{7F87B71A-DF08-4DC7-B50F-B0D5761CF915}.Debug|Any CPU.Build.0 = Debug|Any CPU
		{7F87B71A-DF08-4DC7-B50F-B0D5761CF915}.Release|Any CPU.ActiveCfg = Release|Any CPU
		{7F87B71A-DF08-4DC7-B50F-B0D5761CF915}.Release|Any CPU.Build.0 = Release|Any CPU
		{56A948B7-E241-4AA8-B27E-41109295E562}.Debug|Any CPU.ActiveCfg = Debug|Any CPU
		{56A948B7-E241-4AA8-B27E-41109295E562}.Debug|Any CPU.Build.0 = Debug|Any CPU
		{56A948B7-E241-4AA8-B27E-41109295E562}.Release|Any CPU.ActiveCfg = Release|Any CPU
		{56A948B7-E241-4AA8-B27E-41109295E562}.Release|Any CPU.Build.0 = Release|Any CPU
		{BD7E095F-AAB9-41B0-9874-E0CB0E823511}.Debug|Any CPU.ActiveCfg = Debug|Any CPU
		{BD7E095F-AAB9-41B0-9874-E0CB0E823511}.Debug|Any CPU.Build.0 = Debug|Any CPU
		{BD7E095F-AAB9-41B0-9874-E0CB0E823511}.Release|Any CPU.ActiveCfg = Release|Any CPU
		{BD7E095F-AAB9-41B0-9874-E0CB0E823511}.Release|Any CPU.Build.0 = Release|Any CPU
		{1EC9811A-D1C5-4366-9731-5F53D536F5DA}.Debug|Any CPU.ActiveCfg = Debug|Any CPU
		{1EC9811A-D1C5-4366-9731-5F53D536F5DA}.Debug|Any CPU.Build.0 = Debug|Any CPU
		{1EC9811A-D1C5-4366-9731-5F53D536F5DA}.Release|Any CPU.ActiveCfg = Release|Any CPU
		{1EC9811A-D1C5-4366-9731-5F53D536F5DA}.Release|Any CPU.Build.0 = Release|Any CPU
		{A84EEE27-768B-41E0-A570-774F93EE1303}.Debug|Any CPU.ActiveCfg = Debug|Any CPU
		{A84EEE27-768B-41E0-A570-774F93EE1303}.Debug|Any CPU.Build.0 = Debug|Any CPU
		{A84EEE27-768B-41E0-A570-774F93EE1303}.Release|Any CPU.ActiveCfg = Release|Any CPU
		{A84EEE27-768B-41E0-A570-774F93EE1303}.Release|Any CPU.Build.0 = Release|Any CPU
		{97920F08-1210-451E-8E31-1D22C741A110}.Debug|Any CPU.ActiveCfg = Debug|Any CPU
		{97920F08-1210-451E-8E31-1D22C741A110}.Debug|Any CPU.Build.0 = Debug|Any CPU
		{97920F08-1210-451E-8E31-1D22C741A110}.Release|Any CPU.ActiveCfg = Release|Any CPU
		{97920F08-1210-451E-8E31-1D22C741A110}.Release|Any CPU.Build.0 = Release|Any CPU
		{345DAAD5-B816-4BB6-8D96-EC0C6F438847}.Debug|Any CPU.ActiveCfg = Debug|Any CPU
		{345DAAD5-B816-4BB6-8D96-EC0C6F438847}.Debug|Any CPU.Build.0 = Debug|Any CPU
		{345DAAD5-B816-4BB6-8D96-EC0C6F438847}.Release|Any CPU.ActiveCfg = Release|Any CPU
		{345DAAD5-B816-4BB6-8D96-EC0C6F438847}.Release|Any CPU.Build.0 = Release|Any CPU
		{1F0CF482-4E82-4C82-8E8B-CFAF2DD8271B}.Debug|Any CPU.ActiveCfg = Debug|Any CPU
		{1F0CF482-4E82-4C82-8E8B-CFAF2DD8271B}.Debug|Any CPU.Build.0 = Debug|Any CPU
		{1F0CF482-4E82-4C82-8E8B-CFAF2DD8271B}.Release|Any CPU.ActiveCfg = Release|Any CPU
		{1F0CF482-4E82-4C82-8E8B-CFAF2DD8271B}.Release|Any CPU.Build.0 = Release|Any CPU
		{AB559D1E-5C60-447C-B1DE-0457A979D81D}.Debug|Any CPU.ActiveCfg = Debug|Any CPU
		{AB559D1E-5C60-447C-B1DE-0457A979D81D}.Debug|Any CPU.Build.0 = Debug|Any CPU
		{AB559D1E-5C60-447C-B1DE-0457A979D81D}.Release|Any CPU.ActiveCfg = Release|Any CPU
		{AB559D1E-5C60-447C-B1DE-0457A979D81D}.Release|Any CPU.Build.0 = Release|Any CPU
		{A97C93AE-10E1-495C-8128-586D4F43CEFC}.Debug|Any CPU.ActiveCfg = Debug|Any CPU
		{A97C93AE-10E1-495C-8128-586D4F43CEFC}.Debug|Any CPU.Build.0 = Debug|Any CPU
		{A97C93AE-10E1-495C-8128-586D4F43CEFC}.Release|Any CPU.ActiveCfg = Release|Any CPU
		{A97C93AE-10E1-495C-8128-586D4F43CEFC}.Release|Any CPU.Build.0 = Release|Any CPU
		{C3780A16-DDAB-4665-8A19-35741E4F29C5}.Debug|Any CPU.ActiveCfg = Debug|Any CPU
		{C3780A16-DDAB-4665-8A19-35741E4F29C5}.Debug|Any CPU.Build.0 = Debug|Any CPU
		{C3780A16-DDAB-4665-8A19-35741E4F29C5}.Release|Any CPU.ActiveCfg = Release|Any CPU
		{C3780A16-DDAB-4665-8A19-35741E4F29C5}.Release|Any CPU.Build.0 = Release|Any CPU
		{A0C85255-58D7-4DBC-AF32-779D61128228}.Debug|Any CPU.ActiveCfg = Debug|Any CPU
		{A0C85255-58D7-4DBC-AF32-779D61128228}.Debug|Any CPU.Build.0 = Debug|Any CPU
		{A0C85255-58D7-4DBC-AF32-779D61128228}.Release|Any CPU.ActiveCfg = Release|Any CPU
		{A0C85255-58D7-4DBC-AF32-779D61128228}.Release|Any CPU.Build.0 = Release|Any CPU
		{800B72C2-FAFA-4204-8376-CD8BD71370E1}.Debug|Any CPU.ActiveCfg = Debug|Any CPU
		{800B72C2-FAFA-4204-8376-CD8BD71370E1}.Debug|Any CPU.Build.0 = Debug|Any CPU
		{800B72C2-FAFA-4204-8376-CD8BD71370E1}.Release|Any CPU.ActiveCfg = Release|Any CPU
		{800B72C2-FAFA-4204-8376-CD8BD71370E1}.Release|Any CPU.Build.0 = Release|Any CPU
		{E080C5DE-8D23-4F2C-928B-7F5C2D191FE7}.Debug|Any CPU.ActiveCfg = Debug|Any CPU
		{E080C5DE-8D23-4F2C-928B-7F5C2D191FE7}.Debug|Any CPU.Build.0 = Debug|Any CPU
		{E080C5DE-8D23-4F2C-928B-7F5C2D191FE7}.Release|Any CPU.ActiveCfg = Release|Any CPU
		{E080C5DE-8D23-4F2C-928B-7F5C2D191FE7}.Release|Any CPU.Build.0 = Release|Any CPU
		{7CA73481-4772-4368-A60F-6610A04F02D8}.Debug|Any CPU.ActiveCfg = Debug|Any CPU
		{7CA73481-4772-4368-A60F-6610A04F02D8}.Debug|Any CPU.Build.0 = Debug|Any CPU
		{7CA73481-4772-4368-A60F-6610A04F02D8}.Release|Any CPU.ActiveCfg = Release|Any CPU
		{7CA73481-4772-4368-A60F-6610A04F02D8}.Release|Any CPU.Build.0 = Release|Any CPU
		{6F2680B8-E087-47F8-A94D-0F4CDD8AF7A1}.Debug|Any CPU.ActiveCfg = Debug|Any CPU
		{6F2680B8-E087-47F8-A94D-0F4CDD8AF7A1}.Debug|Any CPU.Build.0 = Debug|Any CPU
		{6F2680B8-E087-47F8-A94D-0F4CDD8AF7A1}.Release|Any CPU.ActiveCfg = Release|Any CPU
		{6F2680B8-E087-47F8-A94D-0F4CDD8AF7A1}.Release|Any CPU.Build.0 = Release|Any CPU
		{4D3B838A-9F08-45D5-853B-CE8983F1A6A3}.Debug|Any CPU.ActiveCfg = Debug|Any CPU
		{4D3B838A-9F08-45D5-853B-CE8983F1A6A3}.Debug|Any CPU.Build.0 = Debug|Any CPU
		{4D3B838A-9F08-45D5-853B-CE8983F1A6A3}.Release|Any CPU.ActiveCfg = Release|Any CPU
		{4D3B838A-9F08-45D5-853B-CE8983F1A6A3}.Release|Any CPU.Build.0 = Release|Any CPU
		{CC38667C-64E4-43FC-9CD8-D35B76BDF26E}.Debug|Any CPU.ActiveCfg = Debug|Any CPU
		{CC38667C-64E4-43FC-9CD8-D35B76BDF26E}.Debug|Any CPU.Build.0 = Debug|Any CPU
		{CC38667C-64E4-43FC-9CD8-D35B76BDF26E}.Release|Any CPU.ActiveCfg = Release|Any CPU
		{CC38667C-64E4-43FC-9CD8-D35B76BDF26E}.Release|Any CPU.Build.0 = Release|Any CPU
		{2262084E-046D-4C14-B0A4-5DC50D28CFEC}.Debug|Any CPU.ActiveCfg = Debug|Any CPU
		{2262084E-046D-4C14-B0A4-5DC50D28CFEC}.Debug|Any CPU.Build.0 = Debug|Any CPU
		{2262084E-046D-4C14-B0A4-5DC50D28CFEC}.Release|Any CPU.ActiveCfg = Release|Any CPU
		{2262084E-046D-4C14-B0A4-5DC50D28CFEC}.Release|Any CPU.Build.0 = Release|Any CPU
		{72D7ACCA-2AFD-401C-9BE8-A7B6B2A7291A}.Debug|Any CPU.ActiveCfg = Debug|Any CPU
		{72D7ACCA-2AFD-401C-9BE8-A7B6B2A7291A}.Debug|Any CPU.Build.0 = Debug|Any CPU
		{72D7ACCA-2AFD-401C-9BE8-A7B6B2A7291A}.Release|Any CPU.ActiveCfg = Release|Any CPU
		{72D7ACCA-2AFD-401C-9BE8-A7B6B2A7291A}.Release|Any CPU.Build.0 = Release|Any CPU
		{95966575-CE85-4A7B-8407-764BDB2FC262}.Debug|Any CPU.ActiveCfg = Debug|Any CPU
		{95966575-CE85-4A7B-8407-764BDB2FC262}.Debug|Any CPU.Build.0 = Debug|Any CPU
		{95966575-CE85-4A7B-8407-764BDB2FC262}.Release|Any CPU.ActiveCfg = Release|Any CPU
		{95966575-CE85-4A7B-8407-764BDB2FC262}.Release|Any CPU.Build.0 = Release|Any CPU
		{DA01498B-2E9D-48B4-B10B-12AFC6D9B4D0}.Debug|Any CPU.ActiveCfg = Debug|Any CPU
		{DA01498B-2E9D-48B4-B10B-12AFC6D9B4D0}.Debug|Any CPU.Build.0 = Debug|Any CPU
		{DA01498B-2E9D-48B4-B10B-12AFC6D9B4D0}.Release|Any CPU.ActiveCfg = Release|Any CPU
		{DA01498B-2E9D-48B4-B10B-12AFC6D9B4D0}.Release|Any CPU.Build.0 = Release|Any CPU
		{9069E5D3-29BF-44CD-A7DD-700EB2069790}.Debug|Any CPU.ActiveCfg = Debug|Any CPU
		{9069E5D3-29BF-44CD-A7DD-700EB2069790}.Debug|Any CPU.Build.0 = Debug|Any CPU
		{9069E5D3-29BF-44CD-A7DD-700EB2069790}.Release|Any CPU.ActiveCfg = Release|Any CPU
		{9069E5D3-29BF-44CD-A7DD-700EB2069790}.Release|Any CPU.Build.0 = Release|Any CPU
		{7777A7C3-75D1-4AFD-971F-69C411F52ECA}.Debug|Any CPU.ActiveCfg = Debug|Any CPU
		{7777A7C3-75D1-4AFD-971F-69C411F52ECA}.Debug|Any CPU.Build.0 = Debug|Any CPU
		{7777A7C3-75D1-4AFD-971F-69C411F52ECA}.Release|Any CPU.ActiveCfg = Release|Any CPU
		{7777A7C3-75D1-4AFD-971F-69C411F52ECA}.Release|Any CPU.Build.0 = Release|Any CPU
		{4A45B83B-AE8B-4B13-A1C8-DA883D598BF6}.Debug|Any CPU.ActiveCfg = Debug|Any CPU
		{4A45B83B-AE8B-4B13-A1C8-DA883D598BF6}.Debug|Any CPU.Build.0 = Debug|Any CPU
		{4A45B83B-AE8B-4B13-A1C8-DA883D598BF6}.Release|Any CPU.ActiveCfg = Release|Any CPU
		{4A45B83B-AE8B-4B13-A1C8-DA883D598BF6}.Release|Any CPU.Build.0 = Release|Any CPU
		{FE37FF70-37F8-4269-BAD0-833FAD727453}.Debug|Any CPU.ActiveCfg = Debug|Any CPU
		{FE37FF70-37F8-4269-BAD0-833FAD727453}.Debug|Any CPU.Build.0 = Debug|Any CPU
		{FE37FF70-37F8-4269-BAD0-833FAD727453}.Release|Any CPU.ActiveCfg = Release|Any CPU
		{FE37FF70-37F8-4269-BAD0-833FAD727453}.Release|Any CPU.Build.0 = Release|Any CPU
		{D7EA8E71-61F1-47AE-9F8A-47246DE7D5FA}.Debug|Any CPU.ActiveCfg = Debug|Any CPU
		{D7EA8E71-61F1-47AE-9F8A-47246DE7D5FA}.Debug|Any CPU.Build.0 = Debug|Any CPU
		{D7EA8E71-61F1-47AE-9F8A-47246DE7D5FA}.Release|Any CPU.ActiveCfg = Release|Any CPU
		{D7EA8E71-61F1-47AE-9F8A-47246DE7D5FA}.Release|Any CPU.Build.0 = Release|Any CPU
		{A9822A4E-E3E2-48D6-AB63-07F6C05E91BC}.Debug|Any CPU.ActiveCfg = Debug|Any CPU
		{A9822A4E-E3E2-48D6-AB63-07F6C05E91BC}.Debug|Any CPU.Build.0 = Debug|Any CPU
		{A9822A4E-E3E2-48D6-AB63-07F6C05E91BC}.Release|Any CPU.ActiveCfg = Release|Any CPU
		{A9822A4E-E3E2-48D6-AB63-07F6C05E91BC}.Release|Any CPU.Build.0 = Release|Any CPU
		{3E4D443D-26A9-49B2-AB68-0262CDDBFBE9}.Debug|Any CPU.ActiveCfg = Debug|Any CPU
		{3E4D443D-26A9-49B2-AB68-0262CDDBFBE9}.Debug|Any CPU.Build.0 = Debug|Any CPU
		{3E4D443D-26A9-49B2-AB68-0262CDDBFBE9}.Release|Any CPU.ActiveCfg = Release|Any CPU
		{3E4D443D-26A9-49B2-AB68-0262CDDBFBE9}.Release|Any CPU.Build.0 = Release|Any CPU
		{FC267F5E-E264-4CEB-A0AA-54D1368CCE47}.Debug|Any CPU.ActiveCfg = Debug|Any CPU
		{FC267F5E-E264-4CEB-A0AA-54D1368CCE47}.Debug|Any CPU.Build.0 = Debug|Any CPU
		{FC267F5E-E264-4CEB-A0AA-54D1368CCE47}.Release|Any CPU.ActiveCfg = Release|Any CPU
		{FC267F5E-E264-4CEB-A0AA-54D1368CCE47}.Release|Any CPU.Build.0 = Release|Any CPU
		{9C35FED3-A564-401E-A9AC-C2EA0F18FA18}.Debug|Any CPU.ActiveCfg = Debug|Any CPU
		{9C35FED3-A564-401E-A9AC-C2EA0F18FA18}.Debug|Any CPU.Build.0 = Debug|Any CPU
		{9C35FED3-A564-401E-A9AC-C2EA0F18FA18}.Release|Any CPU.ActiveCfg = Release|Any CPU
		{9C35FED3-A564-401E-A9AC-C2EA0F18FA18}.Release|Any CPU.Build.0 = Release|Any CPU
		{CDB56534-E4A6-4831-A28D-EC62EC38128D}.Debug|Any CPU.ActiveCfg = Debug|Any CPU
		{CDB56534-E4A6-4831-A28D-EC62EC38128D}.Debug|Any CPU.Build.0 = Debug|Any CPU
		{CDB56534-E4A6-4831-A28D-EC62EC38128D}.Release|Any CPU.ActiveCfg = Release|Any CPU
		{CDB56534-E4A6-4831-A28D-EC62EC38128D}.Release|Any CPU.Build.0 = Release|Any CPU
		{228655D7-F59D-4645-A7C4-2E58764CB95F}.Debug|Any CPU.ActiveCfg = Debug|Any CPU
		{228655D7-F59D-4645-A7C4-2E58764CB95F}.Debug|Any CPU.Build.0 = Debug|Any CPU
		{228655D7-F59D-4645-A7C4-2E58764CB95F}.Release|Any CPU.ActiveCfg = Release|Any CPU
		{228655D7-F59D-4645-A7C4-2E58764CB95F}.Release|Any CPU.Build.0 = Release|Any CPU
		{3C124F32-BB14-4089-AF32-5D0A32159E51}.Debug|Any CPU.ActiveCfg = Debug|Any CPU
		{3C124F32-BB14-4089-AF32-5D0A32159E51}.Debug|Any CPU.Build.0 = Debug|Any CPU
		{3C124F32-BB14-4089-AF32-5D0A32159E51}.Release|Any CPU.ActiveCfg = Release|Any CPU
		{3C124F32-BB14-4089-AF32-5D0A32159E51}.Release|Any CPU.Build.0 = Release|Any CPU
		{E2FEAD43-B89E-4CD4-B9CF-C23F99C1CAD6}.Debug|Any CPU.ActiveCfg = Debug|Any CPU
		{E2FEAD43-B89E-4CD4-B9CF-C23F99C1CAD6}.Debug|Any CPU.Build.0 = Debug|Any CPU
		{E2FEAD43-B89E-4CD4-B9CF-C23F99C1CAD6}.Release|Any CPU.ActiveCfg = Release|Any CPU
		{E2FEAD43-B89E-4CD4-B9CF-C23F99C1CAD6}.Release|Any CPU.Build.0 = Release|Any CPU
		{8D5980EA-41BC-45A3-9145-B85B15C16C2D}.Debug|Any CPU.ActiveCfg = Debug|Any CPU
		{8D5980EA-41BC-45A3-9145-B85B15C16C2D}.Debug|Any CPU.Build.0 = Debug|Any CPU
		{8D5980EA-41BC-45A3-9145-B85B15C16C2D}.Release|Any CPU.ActiveCfg = Release|Any CPU
		{8D5980EA-41BC-45A3-9145-B85B15C16C2D}.Release|Any CPU.Build.0 = Release|Any CPU
		{3F7FCEB3-E5D3-45D2-A283-00F7432C7E43}.Debug|Any CPU.ActiveCfg = Debug|Any CPU
		{3F7FCEB3-E5D3-45D2-A283-00F7432C7E43}.Debug|Any CPU.Build.0 = Debug|Any CPU
		{3F7FCEB3-E5D3-45D2-A283-00F7432C7E43}.Release|Any CPU.ActiveCfg = Release|Any CPU
		{3F7FCEB3-E5D3-45D2-A283-00F7432C7E43}.Release|Any CPU.Build.0 = Release|Any CPU
		{58DD7CB7-7B4E-45DA-AB38-3F169E7F581B}.Debug|Any CPU.ActiveCfg = Debug|Any CPU
		{58DD7CB7-7B4E-45DA-AB38-3F169E7F581B}.Debug|Any CPU.Build.0 = Debug|Any CPU
		{58DD7CB7-7B4E-45DA-AB38-3F169E7F581B}.Release|Any CPU.ActiveCfg = Release|Any CPU
		{58DD7CB7-7B4E-45DA-AB38-3F169E7F581B}.Release|Any CPU.Build.0 = Release|Any CPU
		{28344FA0-F777-4ADB-A881-940DEB2E48E2}.Debug|Any CPU.ActiveCfg = Debug|Any CPU
		{28344FA0-F777-4ADB-A881-940DEB2E48E2}.Debug|Any CPU.Build.0 = Debug|Any CPU
		{28344FA0-F777-4ADB-A881-940DEB2E48E2}.Release|Any CPU.ActiveCfg = Release|Any CPU
		{28344FA0-F777-4ADB-A881-940DEB2E48E2}.Release|Any CPU.Build.0 = Release|Any CPU
		{50D799BE-3509-4C6F-8BA9-A6A268B7CD76}.Debug|Any CPU.ActiveCfg = Debug|Any CPU
		{50D799BE-3509-4C6F-8BA9-A6A268B7CD76}.Debug|Any CPU.Build.0 = Debug|Any CPU
		{50D799BE-3509-4C6F-8BA9-A6A268B7CD76}.Release|Any CPU.ActiveCfg = Release|Any CPU
		{50D799BE-3509-4C6F-8BA9-A6A268B7CD76}.Release|Any CPU.Build.0 = Release|Any CPU
		{A3BC675A-63C9-4398-801B-927598480106}.Debug|Any CPU.ActiveCfg = Debug|Any CPU
		{A3BC675A-63C9-4398-801B-927598480106}.Debug|Any CPU.Build.0 = Debug|Any CPU
		{A3BC675A-63C9-4398-801B-927598480106}.Release|Any CPU.ActiveCfg = Release|Any CPU
		{A3BC675A-63C9-4398-801B-927598480106}.Release|Any CPU.Build.0 = Release|Any CPU
		{C3A05844-EFB6-47AF-8EAA-CCB0C4204D97}.Debug|Any CPU.ActiveCfg = Debug|Any CPU
		{C3A05844-EFB6-47AF-8EAA-CCB0C4204D97}.Debug|Any CPU.Build.0 = Debug|Any CPU
		{C3A05844-EFB6-47AF-8EAA-CCB0C4204D97}.Release|Any CPU.ActiveCfg = Release|Any CPU
		{C3A05844-EFB6-47AF-8EAA-CCB0C4204D97}.Release|Any CPU.Build.0 = Release|Any CPU
		{9FEAE7B7-6015-40BA-8D23-5B6736BB45DD}.Debug|Any CPU.ActiveCfg = Debug|Any CPU
		{9FEAE7B7-6015-40BA-8D23-5B6736BB45DD}.Debug|Any CPU.Build.0 = Debug|Any CPU
		{9FEAE7B7-6015-40BA-8D23-5B6736BB45DD}.Release|Any CPU.ActiveCfg = Release|Any CPU
		{9FEAE7B7-6015-40BA-8D23-5B6736BB45DD}.Release|Any CPU.Build.0 = Release|Any CPU
		{522C9D16-4C8B-43E9-9608-2C05498C1E28}.Debug|Any CPU.ActiveCfg = Debug|Any CPU
		{522C9D16-4C8B-43E9-9608-2C05498C1E28}.Debug|Any CPU.Build.0 = Debug|Any CPU
		{522C9D16-4C8B-43E9-9608-2C05498C1E28}.Release|Any CPU.ActiveCfg = Release|Any CPU
		{522C9D16-4C8B-43E9-9608-2C05498C1E28}.Release|Any CPU.Build.0 = Release|Any CPU
		{BF2F5FCF-34B5-483B-A7C3-4C9D158C17AD}.Debug|Any CPU.ActiveCfg = Debug|Any CPU
		{BF2F5FCF-34B5-483B-A7C3-4C9D158C17AD}.Debug|Any CPU.Build.0 = Debug|Any CPU
		{BF2F5FCF-34B5-483B-A7C3-4C9D158C17AD}.Release|Any CPU.ActiveCfg = Release|Any CPU
		{BF2F5FCF-34B5-483B-A7C3-4C9D158C17AD}.Release|Any CPU.Build.0 = Release|Any CPU
		{3980A246-7FDB-421B-BA1C-BDEC01D9CE7B}.Debug|Any CPU.ActiveCfg = Debug|Any CPU
		{3980A246-7FDB-421B-BA1C-BDEC01D9CE7B}.Debug|Any CPU.Build.0 = Debug|Any CPU
		{3980A246-7FDB-421B-BA1C-BDEC01D9CE7B}.Release|Any CPU.ActiveCfg = Release|Any CPU
		{3980A246-7FDB-421B-BA1C-BDEC01D9CE7B}.Release|Any CPU.Build.0 = Release|Any CPU
		{8428E67D-F912-44AC-8337-45AAD67ECB83}.Debug|Any CPU.ActiveCfg = Debug|Any CPU
		{8428E67D-F912-44AC-8337-45AAD67ECB83}.Debug|Any CPU.Build.0 = Debug|Any CPU
		{8428E67D-F912-44AC-8337-45AAD67ECB83}.Release|Any CPU.ActiveCfg = Release|Any CPU
		{8428E67D-F912-44AC-8337-45AAD67ECB83}.Release|Any CPU.Build.0 = Release|Any CPU
		{6E68A958-6099-4EE2-B271-91A40101C5D3}.Debug|Any CPU.ActiveCfg = Debug|Any CPU
		{6E68A958-6099-4EE2-B271-91A40101C5D3}.Debug|Any CPU.Build.0 = Debug|Any CPU
		{6E68A958-6099-4EE2-B271-91A40101C5D3}.Release|Any CPU.ActiveCfg = Release|Any CPU
		{6E68A958-6099-4EE2-B271-91A40101C5D3}.Release|Any CPU.Build.0 = Release|Any CPU
		{D4476513-98E0-4A41-8F43-20F4275ACC85}.Debug|Any CPU.ActiveCfg = Debug|Any CPU
		{D4476513-98E0-4A41-8F43-20F4275ACC85}.Debug|Any CPU.Build.0 = Debug|Any CPU
		{D4476513-98E0-4A41-8F43-20F4275ACC85}.Release|Any CPU.ActiveCfg = Release|Any CPU
		{D4476513-98E0-4A41-8F43-20F4275ACC85}.Release|Any CPU.Build.0 = Release|Any CPU
		{047A7140-5B79-4F8D-9AF8-868F57E228AA}.Debug|Any CPU.ActiveCfg = Debug|Any CPU
		{047A7140-5B79-4F8D-9AF8-868F57E228AA}.Debug|Any CPU.Build.0 = Debug|Any CPU
		{047A7140-5B79-4F8D-9AF8-868F57E228AA}.Release|Any CPU.ActiveCfg = Release|Any CPU
		{047A7140-5B79-4F8D-9AF8-868F57E228AA}.Release|Any CPU.Build.0 = Release|Any CPU
		{FB7B9C13-E73B-48E4-8984-877BA18EDC95}.Debug|Any CPU.ActiveCfg = Debug|Any CPU
		{FB7B9C13-E73B-48E4-8984-877BA18EDC95}.Debug|Any CPU.Build.0 = Debug|Any CPU
		{FB7B9C13-E73B-48E4-8984-877BA18EDC95}.Release|Any CPU.ActiveCfg = Release|Any CPU
		{FB7B9C13-E73B-48E4-8984-877BA18EDC95}.Release|Any CPU.Build.0 = Release|Any CPU
		{21624665-6171-4BEF-AE8D-ADF1E5FB4993}.Debug|Any CPU.ActiveCfg = Debug|Any CPU
		{21624665-6171-4BEF-AE8D-ADF1E5FB4993}.Debug|Any CPU.Build.0 = Debug|Any CPU
		{21624665-6171-4BEF-AE8D-ADF1E5FB4993}.Release|Any CPU.ActiveCfg = Release|Any CPU
		{21624665-6171-4BEF-AE8D-ADF1E5FB4993}.Release|Any CPU.Build.0 = Release|Any CPU
		{9881A1F0-F879-4797-9C5E-ED8F34AA1BB1}.Debug|Any CPU.ActiveCfg = Debug|Any CPU
		{9881A1F0-F879-4797-9C5E-ED8F34AA1BB1}.Debug|Any CPU.Build.0 = Debug|Any CPU
		{9881A1F0-F879-4797-9C5E-ED8F34AA1BB1}.Release|Any CPU.ActiveCfg = Release|Any CPU
		{9881A1F0-F879-4797-9C5E-ED8F34AA1BB1}.Release|Any CPU.Build.0 = Release|Any CPU
		{92F9E9BA-132B-467D-9BCA-61B7D0834276}.Debug|Any CPU.ActiveCfg = Debug|Any CPU
		{92F9E9BA-132B-467D-9BCA-61B7D0834276}.Debug|Any CPU.Build.0 = Debug|Any CPU
		{92F9E9BA-132B-467D-9BCA-61B7D0834276}.Release|Any CPU.ActiveCfg = Release|Any CPU
		{92F9E9BA-132B-467D-9BCA-61B7D0834276}.Release|Any CPU.Build.0 = Release|Any CPU
		{A126F835-805A-4882-A7A9-E708047DBADB}.Debug|Any CPU.ActiveCfg = Debug|Any CPU
		{A126F835-805A-4882-A7A9-E708047DBADB}.Debug|Any CPU.Build.0 = Debug|Any CPU
		{A126F835-805A-4882-A7A9-E708047DBADB}.Release|Any CPU.ActiveCfg = Release|Any CPU
		{A126F835-805A-4882-A7A9-E708047DBADB}.Release|Any CPU.Build.0 = Release|Any CPU
		{6677153F-60BF-494B-8062-956F6D0A5E49}.Debug|Any CPU.ActiveCfg = Debug|Any CPU
		{6677153F-60BF-494B-8062-956F6D0A5E49}.Debug|Any CPU.Build.0 = Debug|Any CPU
		{6677153F-60BF-494B-8062-956F6D0A5E49}.Release|Any CPU.ActiveCfg = Release|Any CPU
		{6677153F-60BF-494B-8062-956F6D0A5E49}.Release|Any CPU.Build.0 = Release|Any CPU
		{D67B44F0-AEAB-45E9-8703-06A6C89A2356}.Debug|Any CPU.ActiveCfg = Debug|Any CPU
		{D67B44F0-AEAB-45E9-8703-06A6C89A2356}.Debug|Any CPU.Build.0 = Debug|Any CPU
		{D67B44F0-AEAB-45E9-8703-06A6C89A2356}.Release|Any CPU.ActiveCfg = Release|Any CPU
		{D67B44F0-AEAB-45E9-8703-06A6C89A2356}.Release|Any CPU.Build.0 = Release|Any CPU
		{04A9DD7C-5BE0-4B72-8BDA-5B65362F6BEA}.Debug|Any CPU.ActiveCfg = Debug|Any CPU
		{04A9DD7C-5BE0-4B72-8BDA-5B65362F6BEA}.Debug|Any CPU.Build.0 = Debug|Any CPU
		{04A9DD7C-5BE0-4B72-8BDA-5B65362F6BEA}.Release|Any CPU.ActiveCfg = Release|Any CPU
		{04A9DD7C-5BE0-4B72-8BDA-5B65362F6BEA}.Release|Any CPU.Build.0 = Release|Any CPU
		{A8C2E7FD-EB5D-4D97-8A20-6BBFAA2BD042}.Debug|Any CPU.ActiveCfg = Debug|Any CPU
		{A8C2E7FD-EB5D-4D97-8A20-6BBFAA2BD042}.Debug|Any CPU.Build.0 = Debug|Any CPU
		{A8C2E7FD-EB5D-4D97-8A20-6BBFAA2BD042}.Release|Any CPU.ActiveCfg = Release|Any CPU
		{A8C2E7FD-EB5D-4D97-8A20-6BBFAA2BD042}.Release|Any CPU.Build.0 = Release|Any CPU
		{D356F1DD-56FF-4A30-A7A6-1509DB4B286A}.Debug|Any CPU.ActiveCfg = Debug|Any CPU
		{D356F1DD-56FF-4A30-A7A6-1509DB4B286A}.Debug|Any CPU.Build.0 = Debug|Any CPU
		{D356F1DD-56FF-4A30-A7A6-1509DB4B286A}.Release|Any CPU.ActiveCfg = Release|Any CPU
		{D356F1DD-56FF-4A30-A7A6-1509DB4B286A}.Release|Any CPU.Build.0 = Release|Any CPU
		{3DD4B456-61A3-4163-9E52-CCC6A23B699B}.Debug|Any CPU.ActiveCfg = Debug|Any CPU
		{3DD4B456-61A3-4163-9E52-CCC6A23B699B}.Debug|Any CPU.Build.0 = Debug|Any CPU
		{3DD4B456-61A3-4163-9E52-CCC6A23B699B}.Release|Any CPU.ActiveCfg = Release|Any CPU
		{3DD4B456-61A3-4163-9E52-CCC6A23B699B}.Release|Any CPU.Build.0 = Release|Any CPU
		{BDEB63C6-5F24-44CD-8D9A-14946B7BC591}.Debug|Any CPU.ActiveCfg = Debug|Any CPU
		{BDEB63C6-5F24-44CD-8D9A-14946B7BC591}.Debug|Any CPU.Build.0 = Debug|Any CPU
		{BDEB63C6-5F24-44CD-8D9A-14946B7BC591}.Release|Any CPU.ActiveCfg = Release|Any CPU
		{BDEB63C6-5F24-44CD-8D9A-14946B7BC591}.Release|Any CPU.Build.0 = Release|Any CPU
		{83A7254D-B8A5-4753-9E7A-6AAB35323474}.Debug|Any CPU.ActiveCfg = Debug|Any CPU
		{83A7254D-B8A5-4753-9E7A-6AAB35323474}.Debug|Any CPU.Build.0 = Debug|Any CPU
		{83A7254D-B8A5-4753-9E7A-6AAB35323474}.Release|Any CPU.ActiveCfg = Release|Any CPU
		{83A7254D-B8A5-4753-9E7A-6AAB35323474}.Release|Any CPU.Build.0 = Release|Any CPU
		{129B3854-A098-4E0E-B2C4-791529EDB9F2}.Debug|Any CPU.ActiveCfg = Debug|Any CPU
		{129B3854-A098-4E0E-B2C4-791529EDB9F2}.Debug|Any CPU.Build.0 = Debug|Any CPU
		{129B3854-A098-4E0E-B2C4-791529EDB9F2}.Release|Any CPU.ActiveCfg = Release|Any CPU
		{129B3854-A098-4E0E-B2C4-791529EDB9F2}.Release|Any CPU.Build.0 = Release|Any CPU
		{9702C7F5-DAF8-4932-9651-E7652B5A9B7C}.Debug|Any CPU.ActiveCfg = Debug|Any CPU
		{9702C7F5-DAF8-4932-9651-E7652B5A9B7C}.Debug|Any CPU.Build.0 = Debug|Any CPU
		{9702C7F5-DAF8-4932-9651-E7652B5A9B7C}.Release|Any CPU.ActiveCfg = Release|Any CPU
		{9702C7F5-DAF8-4932-9651-E7652B5A9B7C}.Release|Any CPU.Build.0 = Release|Any CPU
		{DF758B39-EB29-4F18-8B28-D774D72E1243}.Debug|Any CPU.ActiveCfg = Debug|Any CPU
		{DF758B39-EB29-4F18-8B28-D774D72E1243}.Debug|Any CPU.Build.0 = Debug|Any CPU
		{DF758B39-EB29-4F18-8B28-D774D72E1243}.Release|Any CPU.ActiveCfg = Release|Any CPU
		{DF758B39-EB29-4F18-8B28-D774D72E1243}.Release|Any CPU.Build.0 = Release|Any CPU
		{07AABF74-FB76-4CB4-966A-8D2E58D450A1}.Debug|Any CPU.ActiveCfg = Debug|Any CPU
		{07AABF74-FB76-4CB4-966A-8D2E58D450A1}.Debug|Any CPU.Build.0 = Debug|Any CPU
		{07AABF74-FB76-4CB4-966A-8D2E58D450A1}.Release|Any CPU.ActiveCfg = Release|Any CPU
		{07AABF74-FB76-4CB4-966A-8D2E58D450A1}.Release|Any CPU.Build.0 = Release|Any CPU
		{D67FFAB6-330A-4AC3-9DFE-7599C3B9DB08}.Debug|Any CPU.ActiveCfg = Debug|Any CPU
		{D67FFAB6-330A-4AC3-9DFE-7599C3B9DB08}.Debug|Any CPU.Build.0 = Debug|Any CPU
		{D67FFAB6-330A-4AC3-9DFE-7599C3B9DB08}.Release|Any CPU.ActiveCfg = Release|Any CPU
		{D67FFAB6-330A-4AC3-9DFE-7599C3B9DB08}.Release|Any CPU.Build.0 = Release|Any CPU
		{07C8EAAD-82A9-4280-AA6D-906010AB4C89}.Debug|Any CPU.ActiveCfg = Debug|Any CPU
		{07C8EAAD-82A9-4280-AA6D-906010AB4C89}.Debug|Any CPU.Build.0 = Debug|Any CPU
		{07C8EAAD-82A9-4280-AA6D-906010AB4C89}.Release|Any CPU.ActiveCfg = Release|Any CPU
		{07C8EAAD-82A9-4280-AA6D-906010AB4C89}.Release|Any CPU.Build.0 = Release|Any CPU
		{20355A56-E3A1-41FB-A4B3-E5C20C240C07}.Debug|Any CPU.ActiveCfg = Debug|Any CPU
		{20355A56-E3A1-41FB-A4B3-E5C20C240C07}.Debug|Any CPU.Build.0 = Debug|Any CPU
		{20355A56-E3A1-41FB-A4B3-E5C20C240C07}.Release|Any CPU.ActiveCfg = Release|Any CPU
		{20355A56-E3A1-41FB-A4B3-E5C20C240C07}.Release|Any CPU.Build.0 = Release|Any CPU
		{C7A99F83-3834-4932-8C32-4979BA683980}.Debug|Any CPU.ActiveCfg = Debug|Any CPU
		{C7A99F83-3834-4932-8C32-4979BA683980}.Debug|Any CPU.Build.0 = Debug|Any CPU
		{C7A99F83-3834-4932-8C32-4979BA683980}.Release|Any CPU.ActiveCfg = Release|Any CPU
		{C7A99F83-3834-4932-8C32-4979BA683980}.Release|Any CPU.Build.0 = Release|Any CPU
		{42307B41-7CB7-49F5-AFF8-09F9E63FDD83}.Debug|Any CPU.ActiveCfg = Debug|Any CPU
		{42307B41-7CB7-49F5-AFF8-09F9E63FDD83}.Debug|Any CPU.Build.0 = Debug|Any CPU
		{42307B41-7CB7-49F5-AFF8-09F9E63FDD83}.Release|Any CPU.ActiveCfg = Release|Any CPU
		{42307B41-7CB7-49F5-AFF8-09F9E63FDD83}.Release|Any CPU.Build.0 = Release|Any CPU
		{1BEF3758-74D4-4F1F-A971-60B7487DD7B6}.Debug|Any CPU.ActiveCfg = Debug|Any CPU
		{1BEF3758-74D4-4F1F-A971-60B7487DD7B6}.Debug|Any CPU.Build.0 = Debug|Any CPU
		{1BEF3758-74D4-4F1F-A971-60B7487DD7B6}.Release|Any CPU.ActiveCfg = Release|Any CPU
		{1BEF3758-74D4-4F1F-A971-60B7487DD7B6}.Release|Any CPU.Build.0 = Release|Any CPU
		{B38A61FD-2328-44ED-AC2A-C6893DE3BB85}.Debug|Any CPU.ActiveCfg = Debug|Any CPU
		{B38A61FD-2328-44ED-AC2A-C6893DE3BB85}.Debug|Any CPU.Build.0 = Debug|Any CPU
		{B38A61FD-2328-44ED-AC2A-C6893DE3BB85}.Release|Any CPU.ActiveCfg = Release|Any CPU
		{B38A61FD-2328-44ED-AC2A-C6893DE3BB85}.Release|Any CPU.Build.0 = Release|Any CPU
	EndGlobalSection
	GlobalSection(SolutionProperties) = preSolution
		HideSolutionNode = FALSE
	EndGlobalSection
	GlobalSection(NestedProjects) = preSolution
		{A8D31830-BD00-4669-94F7-85974F508EF7} = {3F7C67A9-723B-41E5-80E8-0E22B6A09DF8}
		{2F44680E-D24D-4723-8D76-173556245248} = {3F7C67A9-723B-41E5-80E8-0E22B6A09DF8}
		{855E8ED8-00F3-47C9-B324-B8CD13A18006} = {3F7C67A9-723B-41E5-80E8-0E22B6A09DF8}
		{6BA7005A-0677-40B3-980A-78853D1D3EB0} = {3F7C67A9-723B-41E5-80E8-0E22B6A09DF8}
		{BD602972-82BD-4FFF-8A70-C0F0AF393F73} = {3F7C67A9-723B-41E5-80E8-0E22B6A09DF8}
		{4E97C8C3-E3B4-4ABD-A11A-5B2782CA652C} = {3F7C67A9-723B-41E5-80E8-0E22B6A09DF8}
		{BAFB5BB4-4772-440E-AEAC-B9738674E45C} = {3F7C67A9-723B-41E5-80E8-0E22B6A09DF8}
		{714A4437-0DAF-421F-9037-646A199EA245} = {3F7C67A9-723B-41E5-80E8-0E22B6A09DF8}
		{A7BCE5C4-7C51-4FA2-A854-8148D2C5EDFC} = {3F7C67A9-723B-41E5-80E8-0E22B6A09DF8}
		{5F4AB3BF-02FE-4531-B044-FB8284B64E1C} = {3F7C67A9-723B-41E5-80E8-0E22B6A09DF8}
		{E010620E-2B2B-4C0A-8DFD-DBF98090B4A7} = {3F7C67A9-723B-41E5-80E8-0E22B6A09DF8}
		{DB3FA5F5-4229-45E3-851C-F00E85FD70D9} = {3F7C67A9-723B-41E5-80E8-0E22B6A09DF8}
		{616F9DE9-7D90-4738-B32A-E92CA2A8CB60} = {3F7C67A9-723B-41E5-80E8-0E22B6A09DF8}
		{B0E10EB5-5A52-4641-9E6F-D7FA347AA068} = {3F7C67A9-723B-41E5-80E8-0E22B6A09DF8}
		{77C0708C-F185-46B2-8931-D7FF5EDAC959} = {3F7C67A9-723B-41E5-80E8-0E22B6A09DF8}
		{58125873-DE2F-4E44-88A6-FA7890474454} = {3F7C67A9-723B-41E5-80E8-0E22B6A09DF8}
		{E609CBD3-750A-4406-8056-049FE3D7C7EF} = {3F7C67A9-723B-41E5-80E8-0E22B6A09DF8}
		{7F87B71A-DF08-4DC7-B50F-B0D5761CF915} = {3F7C67A9-723B-41E5-80E8-0E22B6A09DF8}
		{56A948B7-E241-4AA8-B27E-41109295E562} = {3F7C67A9-723B-41E5-80E8-0E22B6A09DF8}
		{BD7E095F-AAB9-41B0-9874-E0CB0E823511} = {3F7C67A9-723B-41E5-80E8-0E22B6A09DF8}
		{1EC9811A-D1C5-4366-9731-5F53D536F5DA} = {3F7C67A9-723B-41E5-80E8-0E22B6A09DF8}
		{A84EEE27-768B-41E0-A570-774F93EE1303} = {3F7C67A9-723B-41E5-80E8-0E22B6A09DF8}
		{97920F08-1210-451E-8E31-1D22C741A110} = {3F7C67A9-723B-41E5-80E8-0E22B6A09DF8}
		{345DAAD5-B816-4BB6-8D96-EC0C6F438847} = {3F7C67A9-723B-41E5-80E8-0E22B6A09DF8}
		{1F0CF482-4E82-4C82-8E8B-CFAF2DD8271B} = {3F7C67A9-723B-41E5-80E8-0E22B6A09DF8}
		{AB559D1E-5C60-447C-B1DE-0457A979D81D} = {3F7C67A9-723B-41E5-80E8-0E22B6A09DF8}
		{A97C93AE-10E1-495C-8128-586D4F43CEFC} = {3F7C67A9-723B-41E5-80E8-0E22B6A09DF8}
		{C3780A16-DDAB-4665-8A19-35741E4F29C5} = {3F7C67A9-723B-41E5-80E8-0E22B6A09DF8}
		{A0C85255-58D7-4DBC-AF32-779D61128228} = {3F7C67A9-723B-41E5-80E8-0E22B6A09DF8}
		{800B72C2-FAFA-4204-8376-CD8BD71370E1} = {3F7C67A9-723B-41E5-80E8-0E22B6A09DF8}
		{E080C5DE-8D23-4F2C-928B-7F5C2D191FE7} = {3F7C67A9-723B-41E5-80E8-0E22B6A09DF8}
		{7CA73481-4772-4368-A60F-6610A04F02D8} = {3F7C67A9-723B-41E5-80E8-0E22B6A09DF8}
		{6F2680B8-E087-47F8-A94D-0F4CDD8AF7A1} = {3F7C67A9-723B-41E5-80E8-0E22B6A09DF8}
		{4D3B838A-9F08-45D5-853B-CE8983F1A6A3} = {3F7C67A9-723B-41E5-80E8-0E22B6A09DF8}
		{CC38667C-64E4-43FC-9CD8-D35B76BDF26E} = {3F7C67A9-723B-41E5-80E8-0E22B6A09DF8}
		{2262084E-046D-4C14-B0A4-5DC50D28CFEC} = {3F7C67A9-723B-41E5-80E8-0E22B6A09DF8}
		{72D7ACCA-2AFD-401C-9BE8-A7B6B2A7291A} = {3F7C67A9-723B-41E5-80E8-0E22B6A09DF8}
		{95966575-CE85-4A7B-8407-764BDB2FC262} = {3F7C67A9-723B-41E5-80E8-0E22B6A09DF8}
		{DA01498B-2E9D-48B4-B10B-12AFC6D9B4D0} = {3F7C67A9-723B-41E5-80E8-0E22B6A09DF8}
		{9069E5D3-29BF-44CD-A7DD-700EB2069790} = {3F7C67A9-723B-41E5-80E8-0E22B6A09DF8}
		{7777A7C3-75D1-4AFD-971F-69C411F52ECA} = {3F7C67A9-723B-41E5-80E8-0E22B6A09DF8}
		{4A45B83B-AE8B-4B13-A1C8-DA883D598BF6} = {3F7C67A9-723B-41E5-80E8-0E22B6A09DF8}
		{FE37FF70-37F8-4269-BAD0-833FAD727453} = {3F7C67A9-723B-41E5-80E8-0E22B6A09DF8}
		{D7EA8E71-61F1-47AE-9F8A-47246DE7D5FA} = {3F7C67A9-723B-41E5-80E8-0E22B6A09DF8}
		{A9822A4E-E3E2-48D6-AB63-07F6C05E91BC} = {3F7C67A9-723B-41E5-80E8-0E22B6A09DF8}
		{3E4D443D-26A9-49B2-AB68-0262CDDBFBE9} = {3F7C67A9-723B-41E5-80E8-0E22B6A09DF8}
		{FC267F5E-E264-4CEB-A0AA-54D1368CCE47} = {3F7C67A9-723B-41E5-80E8-0E22B6A09DF8}
		{9C35FED3-A564-401E-A9AC-C2EA0F18FA18} = {3F7C67A9-723B-41E5-80E8-0E22B6A09DF8}
		{CDB56534-E4A6-4831-A28D-EC62EC38128D} = {3F7C67A9-723B-41E5-80E8-0E22B6A09DF8}
		{228655D7-F59D-4645-A7C4-2E58764CB95F} = {3F7C67A9-723B-41E5-80E8-0E22B6A09DF8}
		{3C124F32-BB14-4089-AF32-5D0A32159E51} = {3F7C67A9-723B-41E5-80E8-0E22B6A09DF8}
		{E2FEAD43-B89E-4CD4-B9CF-C23F99C1CAD6} = {3F7C67A9-723B-41E5-80E8-0E22B6A09DF8}
		{8D5980EA-41BC-45A3-9145-B85B15C16C2D} = {3599E3D6-7057-4445-BC10-48B8525C54C0}
		{3F7FCEB3-E5D3-45D2-A283-00F7432C7E43} = {3599E3D6-7057-4445-BC10-48B8525C54C0}
		{58DD7CB7-7B4E-45DA-AB38-3F169E7F581B} = {3599E3D6-7057-4445-BC10-48B8525C54C0}
		{28344FA0-F777-4ADB-A881-940DEB2E48E2} = {3599E3D6-7057-4445-BC10-48B8525C54C0}
		{50D799BE-3509-4C6F-8BA9-A6A268B7CD76} = {8C56A2A6-3F3C-47D9-BF81-719FE95F4496}
		{A3BC675A-63C9-4398-801B-927598480106} = {8C56A2A6-3F3C-47D9-BF81-719FE95F4496}
		{C3A05844-EFB6-47AF-8EAA-CCB0C4204D97} = {8C56A2A6-3F3C-47D9-BF81-719FE95F4496}
		{9FEAE7B7-6015-40BA-8D23-5B6736BB45DD} = {8C56A2A6-3F3C-47D9-BF81-719FE95F4496}
		{522C9D16-4C8B-43E9-9608-2C05498C1E28} = {8C56A2A6-3F3C-47D9-BF81-719FE95F4496}
		{BF2F5FCF-34B5-483B-A7C3-4C9D158C17AD} = {8C56A2A6-3F3C-47D9-BF81-719FE95F4496}
		{3980A246-7FDB-421B-BA1C-BDEC01D9CE7B} = {8C56A2A6-3F3C-47D9-BF81-719FE95F4496}
		{8428E67D-F912-44AC-8337-45AAD67ECB83} = {8C56A2A6-3F3C-47D9-BF81-719FE95F4496}
		{6E68A958-6099-4EE2-B271-91A40101C5D3} = {8C56A2A6-3F3C-47D9-BF81-719FE95F4496}
		{D4476513-98E0-4A41-8F43-20F4275ACC85} = {8C56A2A6-3F3C-47D9-BF81-719FE95F4496}
		{047A7140-5B79-4F8D-9AF8-868F57E228AA} = {8C56A2A6-3F3C-47D9-BF81-719FE95F4496}
		{FB7B9C13-E73B-48E4-8984-877BA18EDC95} = {8C56A2A6-3F3C-47D9-BF81-719FE95F4496}
		{21624665-6171-4BEF-AE8D-ADF1E5FB4993} = {8C56A2A6-3F3C-47D9-BF81-719FE95F4496}
		{9881A1F0-F879-4797-9C5E-ED8F34AA1BB1} = {8C56A2A6-3F3C-47D9-BF81-719FE95F4496}
		{92F9E9BA-132B-467D-9BCA-61B7D0834276} = {8C56A2A6-3F3C-47D9-BF81-719FE95F4496}
		{A126F835-805A-4882-A7A9-E708047DBADB} = {8C56A2A6-3F3C-47D9-BF81-719FE95F4496}
		{6677153F-60BF-494B-8062-956F6D0A5E49} = {8C56A2A6-3F3C-47D9-BF81-719FE95F4496}
		{D67B44F0-AEAB-45E9-8703-06A6C89A2356} = {CB51C12E-506D-4316-899F-E19F7BEE356B}
		{04A9DD7C-5BE0-4B72-8BDA-5B65362F6BEA} = {CB51C12E-506D-4316-899F-E19F7BEE356B}
		{A8C2E7FD-EB5D-4D97-8A20-6BBFAA2BD042} = {CB51C12E-506D-4316-899F-E19F7BEE356B}
		{D356F1DD-56FF-4A30-A7A6-1509DB4B286A} = {CB51C12E-506D-4316-899F-E19F7BEE356B}
		{3DD4B456-61A3-4163-9E52-CCC6A23B699B} = {CB51C12E-506D-4316-899F-E19F7BEE356B}
		{BDEB63C6-5F24-44CD-8D9A-14946B7BC591} = {CB51C12E-506D-4316-899F-E19F7BEE356B}
		{83A7254D-B8A5-4753-9E7A-6AAB35323474} = {CB51C12E-506D-4316-899F-E19F7BEE356B}
		{129B3854-A098-4E0E-B2C4-791529EDB9F2} = {CB51C12E-506D-4316-899F-E19F7BEE356B}
		{9702C7F5-DAF8-4932-9651-E7652B5A9B7C} = {CB51C12E-506D-4316-899F-E19F7BEE356B}
		{DF758B39-EB29-4F18-8B28-D774D72E1243} = {CB51C12E-506D-4316-899F-E19F7BEE356B}
		{07AABF74-FB76-4CB4-966A-8D2E58D450A1} = {CB51C12E-506D-4316-899F-E19F7BEE356B}
		{D67FFAB6-330A-4AC3-9DFE-7599C3B9DB08} = {CB51C12E-506D-4316-899F-E19F7BEE356B}
		{07C8EAAD-82A9-4280-AA6D-906010AB4C89} = {CB51C12E-506D-4316-899F-E19F7BEE356B}
		{20355A56-E3A1-41FB-A4B3-E5C20C240C07} = {CB51C12E-506D-4316-899F-E19F7BEE356B}
		{C7A99F83-3834-4932-8C32-4979BA683980} = {CB51C12E-506D-4316-899F-E19F7BEE356B}
		{42307B41-7CB7-49F5-AFF8-09F9E63FDD83} = {CB51C12E-506D-4316-899F-E19F7BEE356B}
		{1BEF3758-74D4-4F1F-A971-60B7487DD7B6} = {CF003475-FA77-4CA5-B489-17BB8E2264A3}
		{B38A61FD-2328-44ED-AC2A-C6893DE3BB85} = {ECBD1CB2-E2CE-47A9-9051-D7C6D8A3A4C6}
	EndGlobalSection
	GlobalSection(ExtensibilityGlobals) = postSolution
		SolutionGuid = {7EDBA141-81CB-48A6-9F95-8B5DED1FC991}
	EndGlobalSection
EndGlobal
